
Microsoft Visual Studio Solution File, Format Version 12.00
# Visual Studio Version 17
VisualStudioVersion = 17.0.31903.59
MinimumVisualStudioVersion = 10.0.40219.1
Project("{FAE04EC0-301F-11D3-BF4B-00C04F79EFBC}") = "Client", "Client\Client.csproj", "{B08CF980-4634-4FEE-9895-D468AAD24B5F}"
EndProject
Project("{2150E333-8FDC-42A3-9474-1A3956D46DE8}") = "Framework", "Framework", "{02EA681E-C7D8-13C7-8484-4AC65E1B71E8}"
EndProject
Project("{2150E333-8FDC-42A3-9474-1A3956D46DE8}") = "Connectors", "Connectors", "{0448B7D2-20A8-4A0C-A017-B1998296F0B7}"
EndProject
Project("{2150E333-8FDC-42A3-9474-1A3956D46DE8}") = "IngestionLayer", "IngestionLayer", "{C2E82185-C33E-4EEA-B136-1C2D2DF0A14A}"
EndProject
Project("{2150E333-8FDC-42A3-9474-1A3956D46DE8}") = "Tooling", "Tooling", "{095FCE4D-582D-4354-B88F-6448A0A15631}"
EndProject
Project("{2150E333-8FDC-42A3-9474-1A3956D46DE8}") = "DataEngine", "DataEngine", "{55A371C6-8305-4C98-A9BA-40C2C8720F87}"
EndProject
Project("{FAE04EC0-301F-11D3-BF4B-00C04F79EFBC}") = "DataIntegration", "Framework\DataIntegration\DataIntegration\DataIntegration.csproj", "{5F33994C-65EA-4AFC-99FE-CE75077AEF5F}"
EndProject
Project("{2150E333-8FDC-42A3-9474-1A3956D46DE8}") = "Solution Items", "Solution Items", "{7AC72097-0753-4884-A76F-D7FBD80CC165}"
	ProjectSection(SolutionItems) = preProject
		.editorconfig = .editorconfig
		README.md = README.md
	EndProjectSection
EndProject
Project("{FAE04EC0-301F-11D3-BF4B-00C04F79EFBC}") = "Ingestion.Chunking", "Framework\IngestionLayer\Ingestion.Chunking\Ingestion.Chunking.csproj", "{02B25BEF-C9DA-47F5-B20C-0DD43A38F779}"
EndProject
Project("{FAE04EC0-301F-11D3-BF4B-00C04F79EFBC}") = "Ingestion.Interfaces", "Framework\IngestionLayer\Ingestion.Interfaces\Ingestion.Interfaces.csproj", "{A7300CD5-ECA9-4A33-9095-5F931F357056}"
EndProject
Project("{FAE04EC0-301F-11D3-BF4B-00C04F79EFBC}") = "Ingestion.Configuration", "Framework\IngestionLayer\Ingestion.Configuration\Ingestion.Configuration.csproj", "{EA218F3B-91F3-4614-9041-6E18527B660C}"
EndProject
Project("{FAE04EC0-301F-11D3-BF4B-00C04F79EFBC}") = "Ingestion.Models", "Framework\IngestionLayer\Ingestion.Models\Ingestion.Models.csproj", "{2139C88F-BD31-4D48-8F6A-EDF673411204}"
EndProject
Project("{2150E333-8FDC-42A3-9474-1A3956D46DE8}") = "Messaging", "Messaging", "{8125436F-065B-44B8-B26A-B3ABCAA62D38}"
EndProject
Project("{FAE04EC0-301F-11D3-BF4B-00C04F79EFBC}") = "Messaging.Models", "Framework\Messaging\Messaging.Models\Messaging.Models.csproj", "{2EDEDA09-F939-4DBD-8E79-FB9DC2191E8C}"
EndProject
Project("{FAE04EC0-301F-11D3-BF4B-00C04F79EFBC}") = "Messaging.Interfaces", "Framework\Messaging\Messaging,Interfaces\Messaging.Interfaces.csproj", "{7DB7D678-07AE-4418-95F2-0B0E6972F7B3}"
EndProject
Project("{FAE04EC0-301F-11D3-BF4B-00C04F79EFBC}") = "Messaging.Engine", "Framework\Messaging\Messaging.Engine\Messaging.Engine.csproj", "{671C4BDA-5083-493A-9CF6-777EF729F358}"
EndProject
Project("{FAE04EC0-301F-11D3-BF4B-00C04F79EFBC}") = "Messaging.Connectos.AzureServiceBus", "Framework\Messaging\Messaging.Connectors\Messaging.Connectos.AzureServiceBus\Messaging.Connectos.AzureServiceBus.csproj", "{1D676764-7924-4BB5-99B6-2A9C1B6A5EF6}"
EndProject
Project("{2150E333-8FDC-42A3-9474-1A3956D46DE8}") = "Connectors", "Connectors", "{DE13FBCF-8C00-496B-BF8D-2B9846E51401}"
EndProject
Project("{2150E333-8FDC-42A3-9474-1A3956D46DE8}") = "Connectors", "Connectors", "{F87E8344-3488-47F0-893F-04F655F412F1}"
EndProject
Project("{FAE04EC0-301F-11D3-BF4B-00C04F79EFBC}") = "Ingestion.Connectors.AzureSearch", "Framework\IngestionLayer\Connectors\Ingestion.Connectors.AzureSearch\Ingestion.Connectors.AzureSearch.csproj", "{ACC3FC42-1AFA-48A7-8CC8-6DE5484BBC10}"
EndProject
Project("{2150E333-8FDC-42A3-9474-1A3956D46DE8}") = "AgenticLayer", "AgenticLayer", "{9E4139E0-9DC5-462C-B0DA-0C7BFBF68EAA}"
EndProject
Project("{FAE04EC0-301F-11D3-BF4B-00C04F79EFBC}") = "AgenticLayer.BaseAgent", "Framework\AgenticLayer\AgenticLayer.BaseAgent\AgenticLayer.BaseAgent.csproj", "{B8F9475B-9602-40BE-8FBE-F759EF15D42D}"
EndProject
Project("{FAE04EC0-301F-11D3-BF4B-00C04F79EFBC}") = "AgenticLayer.Interfaces", "Framework\AgenticLayer\AgenticLayer.Interfaces\AgenticLayer.Interfaces.csproj", "{B8427988-4D12-4A91-A5F0-6F97515D27B1}"
EndProject
Project("{FAE04EC0-301F-11D3-BF4B-00C04F79EFBC}") = "AgenticLayer.Builders", "Framework\AgenticLayer\AgenticLayer.Builders\AgenticLayer.Builders.csproj", "{886763AE-95E5-454B-83EB-F3EFA681263F}"
EndProject
Project("{FAE04EC0-301F-11D3-BF4B-00C04F79EFBC}") = "AgenticLayer.AgentRegistry", "Framework\AgenticLayer\AgenticLayer.AgentRegistry\AgenticLayer.AgentRegistry.csproj", "{AD0F3D1F-C86C-45C5-B62F-7FF362A848D0}"
EndProject
Project("{FAE04EC0-301F-11D3-BF4B-00C04F79EFBC}") = "AgenticLayer.AgentApp", "Framework\AgenticLayer\AgenticLayer.AgentApp\AgenticLayer.AgentApp.csproj", "{EE5BA281-2101-4062-888A-8A4AFC3F6521}"
EndProject
Project("{2150E333-8FDC-42A3-9474-1A3956D46DE8}") = "ModelLayer", "ModelLayer", "{761D6CBA-D6A7-413B-A64C-1771A8AA5C39}"
EndProject
Project("{FAE04EC0-301F-11D3-BF4B-00C04F79EFBC}") = "ModelLayer.Interfaces", "Framework\ModelLayer\ModelLayer.Interfaces\ModelLayer.Interfaces.csproj", "{0C40C423-9F44-431F-9A48-CBB260B23F7C}"
EndProject
Project("{FAE04EC0-301F-11D3-BF4B-00C04F79EFBC}") = "ModelLayer.DataModels", "Framework\ModelLayer\ModelLayer.DataModels\ModelLayer.DataModels.csproj", "{B553DD61-CFDC-4869-A122-A53E376198BB}"
EndProject
Project("{FAE04EC0-301F-11D3-BF4B-00C04F79EFBC}") = "ModelLayer.DataLayer", "Framework\ModelLayer\ModelLayer.DataLayer\ModelLayer.DataLayer.csproj", "{7DDD4949-CB30-4CC4-AC7C-C880CC2A23FE}"
EndProject
Project("{2150E333-8FDC-42A3-9474-1A3956D46DE8}") = "Clients", "Clients", "{5D0D2222-2365-4B95-B70D-81E2B7069FCC}"
EndProject
Project("{2150E333-8FDC-42A3-9474-1A3956D46DE8}") = "Services", "Services", "{94BF55AB-4A52-4810-8C00-FBD83CD5AF1B}"
EndProject
Project("{FAE04EC0-301F-11D3-BF4B-00C04F79EFBC}") = "AgenticLayer.Services", "Framework\AgenticLayer\AgenticLayer.Services\AgenticLayer.Services.csproj", "{E713A608-A6A7-43FF-BBEF-8C33FA3F4F7C}"
EndProject
Project("{FAE04EC0-301F-11D3-BF4B-00C04F79EFBC}") = "ModelLayer.Services", "Framework\ModelLayer\ModelLayer.Services\ModelLayer.Services.csproj", "{D04A5923-9BDD-4567-AC07-464A416BD7FB}"
EndProject
Project("{FAE04EC0-301F-11D3-BF4B-00C04F79EFBC}") = "Matrix.ServiceGateway", "Framework\Services\Matrix.ServiceGateway\Matrix.ServiceGateway.csproj", "{1129A78F-8B17-479C-9353-0D136E249047}"
EndProject
Project("{54A90642-561A-4BB1-A94E-469ADEE60C69}") = "Matrix.Portal", "Framework\Portal\Matrix.Portal\Matrix.Portal.esproj", "{F386876C-F5B3-189B-149A-2C7E2B72D4A3}"
EndProject
Project("{FAE04EC0-301F-11D3-BF4B-00C04F79EFBC}") = "ModelLayer.Registry", "Framework\ModelLayer\ModelLayer.Registry\ModelLayer.Registry.csproj", "{E8077729-44C0-4C9E-97F6-5983F08337A1}"
EndProject
Project("{2150E333-8FDC-42A3-9474-1A3956D46DE8}") = "DataSources", "DataSources", "{999DF630-7A89-4771-BFD2-BD1BD056604B}"
EndProject
Project("{FAE04EC0-301F-11D3-BF4B-00C04F79EFBC}") = "DataSourceLayer.DataModels", "Framework\DataSourceLayer\DataSourceLayer.DataModels\DataSourceLayer.DataModels.csproj", "{ECD239AE-8691-4711-9269-9584E65576F6}"
EndProject
Project("{FAE04EC0-301F-11D3-BF4B-00C04F79EFBC}") = "DataSourceLayer.Interfaces", "Framework\DataSourceLayer\DataSourceLayer.Interfaces\DataSourceLayer.Interfaces.csproj", "{A8166C2A-E7CF-46A4-BCAA-E547029C69B7}"
EndProject
Project("{FAE04EC0-301F-11D3-BF4B-00C04F79EFBC}") = "DataSourceLayer.DataLayer", "Framework\DataSourceLayer\DataSourceLayer.DataLayer\DataSourceLayer.DataLayer.csproj", "{FECD16F9-0216-48A9-BCD2-14A6F67F8C74}"
EndProject
Project("{FAE04EC0-301F-11D3-BF4B-00C04F79EFBC}") = "DataSourceLayer.Services", "Framework\DataSourceLayer\DataSourceLayer.Services\DataSourceLayer.Services.csproj", "{76368E9A-EB9A-4475-8A82-9448B1B3B0E4}"
EndProject
Project("{2150E333-8FDC-42A3-9474-1A3956D46DE8}") = "KnowledgeLayer", "KnowledgeLayer", "{DF137A28-849A-453A-874D-81A91E7EBED3}"
EndProject
Project("{2150E333-8FDC-42A3-9474-1A3956D46DE8}") = "ChunkEngine", "ChunkEngine", "{25DFC085-898C-4452-AC68-234B472B396A}"
EndProject
Project("{FAE04EC0-301F-11D3-BF4B-00C04F79EFBC}") = "ChunkEngine.Interfaces", "Framework\ChunkEngine\ChunkEngine.Interfaces\ChunkEngine.Interfaces.csproj", "{5DE0F6DB-E19C-444C-9733-334C6FC96A2F}"
EndProject
Project("{FAE04EC0-301F-11D3-BF4B-00C04F79EFBC}") = "ChunkEngine.DataModels", "Framework\ChunkEngine\ChunkEngine.DataModels\ChunkEngine.DataModels.csproj", "{EFBF9F73-AB50-CC6A-0167-B45C467D9918}"
EndProject
Project("{FAE04EC0-301F-11D3-BF4B-00C04F79EFBC}") = "ChunkEngine.Worker", "Framework\ChunkEngine\ChunkEngine.Worker\ChunkEngine.Worker.csproj", "{D7880FF6-E6C8-4582-BD19-DABB7DB5C20D}"
EndProject
Project("{2150E333-8FDC-42A3-9474-1A3956D46DE8}") = "EmbeddingEngine", "EmbeddingEngine", "{7FE62F8C-EDFA-4F94-8041-2FC97E14EB5B}"
EndProject
Project("{FAE04EC0-301F-11D3-BF4B-00C04F79EFBC}") = "EmbeddingEngine.Worker", "Framework\EmbeddingEngine\EmbeddingEngine.Worker\EmbeddingEngine.Worker.csproj", "{A9ECD02B-7AA5-4183-96F2-43FE7AF74F16}"
EndProject
Project("{FAE04EC0-301F-11D3-BF4B-00C04F79EFBC}") = "EmbeddingEngine.Interfaces", "Framework\EmbeddingEngine\EmbeddingEngine.Interfaces\EmbeddingEngine.Interfaces.csproj", "{1B6402AE-7426-4D3F-99A7-D5D34C42148B}"
EndProject
Project("{FAE04EC0-301F-11D3-BF4B-00C04F79EFBC}") = "EmbeddingEngine.DataModels", "Framework\EmbeddingEngine\EmbeddingEngine.DataModels\EmbeddingEngine.DataModels.csproj", "{827E3E8F-5366-42F2-BB2A-9F18466EE5D5}"
EndProject
Project("{FAE04EC0-301F-11D3-BF4B-00C04F79EFBC}") = "KnowledgeLayer.Worker", "Framework\KnowledgeLayer\KnowledgeLayer.Worker\KnowledgeLayer.Worker.csproj", "{0BF7203A-455C-4BAA-B465-9A8FE7CD6984}"
EndProject
Project("{FAE04EC0-301F-11D3-BF4B-00C04F79EFBC}") = "KnowledgeLayer.DataModels", "Framework\KnowledgeLayer\KnowledgeLayer.DataModels\KnowledgeLayer.DataModels.csproj", "{2E9ED726-362A-47C0-BB9A-BEF75888A268}"
EndProject
Project("{FAE04EC0-301F-11D3-BF4B-00C04F79EFBC}") = "KnowledgeLayer.Interfaces", "Framework\KnowledgeLayer\KnowledgeLayer.Interfaces\KnowledgeLayer.Interfaces.csproj", "{197A18C8-E246-4434-865E-166D1553FE4B}"
EndProject
Project("{FAE04EC0-301F-11D3-BF4B-00C04F79EFBC}") = "ChunkEngine.DataLayer", "Framework\ChunkEngine\ChunkEngine.DataLayer\ChunkEngine.DataLayer.csproj", "{2FB97DE3-2252-452E-9CCD-B6A83E7A1B9D}"
EndProject
Project("{FAE04EC0-301F-11D3-BF4B-00C04F79EFBC}") = "ChunkEngine.Services", "Framework\ChunkEngine\ChunkEngine.Services\ChunkEngine.Services.csproj", "{FACBAB0D-0D8C-4E4B-8208-30FA4DAEC1E2}"
EndProject
Project("{2150E333-8FDC-42A3-9474-1A3956D46DE8}") = "00-Core", "00-Core", "{963C4C02-E372-4254-A7ED-D4DEC4AFB5A6}"
EndProject
Project("{2150E333-8FDC-42A3-9474-1A3956D46DE8}") = "DataModels", "DataModels", "{74B428A1-9811-4401-A804-683BAAFB393F}"
EndProject
Project("{2150E333-8FDC-42A3-9474-1A3956D46DE8}") = "DataRepositories", "DataRepositories", "{D5C9C1C9-F247-4B2A-B541-71A33BC99E50}"
EndProject
Project("{FAE04EC0-301F-11D3-BF4B-00C04F79EFBC}") = "DataRepository.Interfaces", "Framework\Core\DataRepository\DataRepository.Interfaces\DataRepository.Interfaces.csproj", "{8573E4A0-9AFF-479D-BBEA-53055827B847}"
EndProject
Project("{FAE04EC0-301F-11D3-BF4B-00C04F79EFBC}") = "DataRepository.Repositories", "Framework\Core\DataRepository\DataRepository.Repositories\DataRepository.Repositories.csproj", "{CD45B64D-9920-40F4-88A1-0B92678B53DA}"
EndProject
Project("{FAE04EC0-301F-11D3-BF4B-00C04F79EFBC}") = "DataModels", "Framework\Core\DataModels\DataModels\DataModels.csproj", "{977354E9-DE6F-8FB9-EF0C-CBCBB3AA2A29}"
EndProject
Global
	GlobalSection(SolutionConfigurationPlatforms) = preSolution
		Debug|Any CPU = Debug|Any CPU
		Release|Any CPU = Release|Any CPU
	EndGlobalSection
	GlobalSection(ProjectConfigurationPlatforms) = postSolution
		{B08CF980-4634-4FEE-9895-D468AAD24B5F}.Debug|Any CPU.ActiveCfg = Debug|Any CPU
		{B08CF980-4634-4FEE-9895-D468AAD24B5F}.Debug|Any CPU.Build.0 = Debug|Any CPU
		{B08CF980-4634-4FEE-9895-D468AAD24B5F}.Release|Any CPU.ActiveCfg = Release|Any CPU
		{B08CF980-4634-4FEE-9895-D468AAD24B5F}.Release|Any CPU.Build.0 = Release|Any CPU
		{5F33994C-65EA-4AFC-99FE-CE75077AEF5F}.Debug|Any CPU.ActiveCfg = Debug|Any CPU
		{5F33994C-65EA-4AFC-99FE-CE75077AEF5F}.Debug|Any CPU.Build.0 = Debug|Any CPU
		{5F33994C-65EA-4AFC-99FE-CE75077AEF5F}.Release|Any CPU.ActiveCfg = Release|Any CPU
		{5F33994C-65EA-4AFC-99FE-CE75077AEF5F}.Release|Any CPU.Build.0 = Release|Any CPU
		{02B25BEF-C9DA-47F5-B20C-0DD43A38F779}.Debug|Any CPU.ActiveCfg = Debug|Any CPU
		{02B25BEF-C9DA-47F5-B20C-0DD43A38F779}.Debug|Any CPU.Build.0 = Debug|Any CPU
		{02B25BEF-C9DA-47F5-B20C-0DD43A38F779}.Release|Any CPU.ActiveCfg = Release|Any CPU
		{02B25BEF-C9DA-47F5-B20C-0DD43A38F779}.Release|Any CPU.Build.0 = Release|Any CPU
		{A7300CD5-ECA9-4A33-9095-5F931F357056}.Debug|Any CPU.ActiveCfg = Debug|Any CPU
		{A7300CD5-ECA9-4A33-9095-5F931F357056}.Debug|Any CPU.Build.0 = Debug|Any CPU
		{A7300CD5-ECA9-4A33-9095-5F931F357056}.Release|Any CPU.ActiveCfg = Release|Any CPU
		{A7300CD5-ECA9-4A33-9095-5F931F357056}.Release|Any CPU.Build.0 = Release|Any CPU
		{EA218F3B-91F3-4614-9041-6E18527B660C}.Debug|Any CPU.ActiveCfg = Debug|Any CPU
		{EA218F3B-91F3-4614-9041-6E18527B660C}.Debug|Any CPU.Build.0 = Debug|Any CPU
		{EA218F3B-91F3-4614-9041-6E18527B660C}.Release|Any CPU.ActiveCfg = Release|Any CPU
		{EA218F3B-91F3-4614-9041-6E18527B660C}.Release|Any CPU.Build.0 = Release|Any CPU
		{2139C88F-BD31-4D48-8F6A-EDF673411204}.Debug|Any CPU.ActiveCfg = Debug|Any CPU
		{2139C88F-BD31-4D48-8F6A-EDF673411204}.Debug|Any CPU.Build.0 = Debug|Any CPU
		{2139C88F-BD31-4D48-8F6A-EDF673411204}.Release|Any CPU.ActiveCfg = Release|Any CPU
		{2139C88F-BD31-4D48-8F6A-EDF673411204}.Release|Any CPU.Build.0 = Release|Any CPU
		{2EDEDA09-F939-4DBD-8E79-FB9DC2191E8C}.Debug|Any CPU.ActiveCfg = Debug|Any CPU
		{2EDEDA09-F939-4DBD-8E79-FB9DC2191E8C}.Debug|Any CPU.Build.0 = Debug|Any CPU
		{2EDEDA09-F939-4DBD-8E79-FB9DC2191E8C}.Release|Any CPU.ActiveCfg = Release|Any CPU
		{2EDEDA09-F939-4DBD-8E79-FB9DC2191E8C}.Release|Any CPU.Build.0 = Release|Any CPU
		{7DB7D678-07AE-4418-95F2-0B0E6972F7B3}.Debug|Any CPU.ActiveCfg = Debug|Any CPU
		{7DB7D678-07AE-4418-95F2-0B0E6972F7B3}.Debug|Any CPU.Build.0 = Debug|Any CPU
		{7DB7D678-07AE-4418-95F2-0B0E6972F7B3}.Release|Any CPU.ActiveCfg = Release|Any CPU
		{7DB7D678-07AE-4418-95F2-0B0E6972F7B3}.Release|Any CPU.Build.0 = Release|Any CPU
		{671C4BDA-5083-493A-9CF6-777EF729F358}.Debug|Any CPU.ActiveCfg = Debug|Any CPU
		{671C4BDA-5083-493A-9CF6-777EF729F358}.Debug|Any CPU.Build.0 = Debug|Any CPU
		{671C4BDA-5083-493A-9CF6-777EF729F358}.Release|Any CPU.ActiveCfg = Release|Any CPU
		{671C4BDA-5083-493A-9CF6-777EF729F358}.Release|Any CPU.Build.0 = Release|Any CPU
		{1D676764-7924-4BB5-99B6-2A9C1B6A5EF6}.Debug|Any CPU.ActiveCfg = Debug|Any CPU
		{1D676764-7924-4BB5-99B6-2A9C1B6A5EF6}.Debug|Any CPU.Build.0 = Debug|Any CPU
		{1D676764-7924-4BB5-99B6-2A9C1B6A5EF6}.Release|Any CPU.ActiveCfg = Release|Any CPU
		{1D676764-7924-4BB5-99B6-2A9C1B6A5EF6}.Release|Any CPU.Build.0 = Release|Any CPU
		{ACC3FC42-1AFA-48A7-8CC8-6DE5484BBC10}.Debug|Any CPU.ActiveCfg = Debug|Any CPU
		{ACC3FC42-1AFA-48A7-8CC8-6DE5484BBC10}.Debug|Any CPU.Build.0 = Debug|Any CPU
		{ACC3FC42-1AFA-48A7-8CC8-6DE5484BBC10}.Release|Any CPU.ActiveCfg = Release|Any CPU
		{ACC3FC42-1AFA-48A7-8CC8-6DE5484BBC10}.Release|Any CPU.Build.0 = Release|Any CPU
		{B8F9475B-9602-40BE-8FBE-F759EF15D42D}.Debug|Any CPU.ActiveCfg = Debug|Any CPU
		{B8F9475B-9602-40BE-8FBE-F759EF15D42D}.Debug|Any CPU.Build.0 = Debug|Any CPU
		{B8F9475B-9602-40BE-8FBE-F759EF15D42D}.Release|Any CPU.ActiveCfg = Release|Any CPU
		{B8F9475B-9602-40BE-8FBE-F759EF15D42D}.Release|Any CPU.Build.0 = Release|Any CPU
		{B8427988-4D12-4A91-A5F0-6F97515D27B1}.Debug|Any CPU.ActiveCfg = Debug|Any CPU
		{B8427988-4D12-4A91-A5F0-6F97515D27B1}.Debug|Any CPU.Build.0 = Debug|Any CPU
		{B8427988-4D12-4A91-A5F0-6F97515D27B1}.Release|Any CPU.ActiveCfg = Release|Any CPU
		{B8427988-4D12-4A91-A5F0-6F97515D27B1}.Release|Any CPU.Build.0 = Release|Any CPU
		{886763AE-95E5-454B-83EB-F3EFA681263F}.Debug|Any CPU.ActiveCfg = Debug|Any CPU
		{886763AE-95E5-454B-83EB-F3EFA681263F}.Debug|Any CPU.Build.0 = Debug|Any CPU
		{886763AE-95E5-454B-83EB-F3EFA681263F}.Release|Any CPU.ActiveCfg = Release|Any CPU
		{886763AE-95E5-454B-83EB-F3EFA681263F}.Release|Any CPU.Build.0 = Release|Any CPU
		{AD0F3D1F-C86C-45C5-B62F-7FF362A848D0}.Debug|Any CPU.ActiveCfg = Debug|Any CPU
		{AD0F3D1F-C86C-45C5-B62F-7FF362A848D0}.Debug|Any CPU.Build.0 = Debug|Any CPU
		{AD0F3D1F-C86C-45C5-B62F-7FF362A848D0}.Release|Any CPU.ActiveCfg = Release|Any CPU
		{AD0F3D1F-C86C-45C5-B62F-7FF362A848D0}.Release|Any CPU.Build.0 = Release|Any CPU
		{EE5BA281-2101-4062-888A-8A4AFC3F6521}.Debug|Any CPU.ActiveCfg = Debug|Any CPU
		{EE5BA281-2101-4062-888A-8A4AFC3F6521}.Debug|Any CPU.Build.0 = Debug|Any CPU
		{EE5BA281-2101-4062-888A-8A4AFC3F6521}.Release|Any CPU.ActiveCfg = Release|Any CPU
		{EE5BA281-2101-4062-888A-8A4AFC3F6521}.Release|Any CPU.Build.0 = Release|Any CPU
		{0C40C423-9F44-431F-9A48-CBB260B23F7C}.Debug|Any CPU.ActiveCfg = Debug|Any CPU
		{0C40C423-9F44-431F-9A48-CBB260B23F7C}.Debug|Any CPU.Build.0 = Debug|Any CPU
		{0C40C423-9F44-431F-9A48-CBB260B23F7C}.Release|Any CPU.ActiveCfg = Release|Any CPU
		{0C40C423-9F44-431F-9A48-CBB260B23F7C}.Release|Any CPU.Build.0 = Release|Any CPU
		{B553DD61-CFDC-4869-A122-A53E376198BB}.Debug|Any CPU.ActiveCfg = Debug|Any CPU
		{B553DD61-CFDC-4869-A122-A53E376198BB}.Debug|Any CPU.Build.0 = Debug|Any CPU
		{B553DD61-CFDC-4869-A122-A53E376198BB}.Release|Any CPU.ActiveCfg = Release|Any CPU
		{B553DD61-CFDC-4869-A122-A53E376198BB}.Release|Any CPU.Build.0 = Release|Any CPU
		{7DDD4949-CB30-4CC4-AC7C-C880CC2A23FE}.Debug|Any CPU.ActiveCfg = Debug|Any CPU
		{7DDD4949-CB30-4CC4-AC7C-C880CC2A23FE}.Debug|Any CPU.Build.0 = Debug|Any CPU
		{7DDD4949-CB30-4CC4-AC7C-C880CC2A23FE}.Release|Any CPU.ActiveCfg = Release|Any CPU
		{7DDD4949-CB30-4CC4-AC7C-C880CC2A23FE}.Release|Any CPU.Build.0 = Release|Any CPU
		{E713A608-A6A7-43FF-BBEF-8C33FA3F4F7C}.Debug|Any CPU.ActiveCfg = Debug|Any CPU
		{E713A608-A6A7-43FF-BBEF-8C33FA3F4F7C}.Debug|Any CPU.Build.0 = Debug|Any CPU
		{E713A608-A6A7-43FF-BBEF-8C33FA3F4F7C}.Release|Any CPU.ActiveCfg = Release|Any CPU
		{E713A608-A6A7-43FF-BBEF-8C33FA3F4F7C}.Release|Any CPU.Build.0 = Release|Any CPU
		{D04A5923-9BDD-4567-AC07-464A416BD7FB}.Debug|Any CPU.ActiveCfg = Debug|Any CPU
		{D04A5923-9BDD-4567-AC07-464A416BD7FB}.Debug|Any CPU.Build.0 = Debug|Any CPU
		{D04A5923-9BDD-4567-AC07-464A416BD7FB}.Release|Any CPU.ActiveCfg = Release|Any CPU
		{D04A5923-9BDD-4567-AC07-464A416BD7FB}.Release|Any CPU.Build.0 = Release|Any CPU
		{1129A78F-8B17-479C-9353-0D136E249047}.Debug|Any CPU.ActiveCfg = Debug|Any CPU
		{1129A78F-8B17-479C-9353-0D136E249047}.Debug|Any CPU.Build.0 = Debug|Any CPU
		{1129A78F-8B17-479C-9353-0D136E249047}.Release|Any CPU.ActiveCfg = Release|Any CPU
		{1129A78F-8B17-479C-9353-0D136E249047}.Release|Any CPU.Build.0 = Release|Any CPU
		{F386876C-F5B3-189B-149A-2C7E2B72D4A3}.Debug|Any CPU.ActiveCfg = Debug|Any CPU
		{F386876C-F5B3-189B-149A-2C7E2B72D4A3}.Debug|Any CPU.Build.0 = Debug|Any CPU
		{F386876C-F5B3-189B-149A-2C7E2B72D4A3}.Debug|Any CPU.Deploy.0 = Debug|Any CPU
		{F386876C-F5B3-189B-149A-2C7E2B72D4A3}.Release|Any CPU.ActiveCfg = Release|Any CPU
		{F386876C-F5B3-189B-149A-2C7E2B72D4A3}.Release|Any CPU.Build.0 = Release|Any CPU
		{F386876C-F5B3-189B-149A-2C7E2B72D4A3}.Release|Any CPU.Deploy.0 = Release|Any CPU
		{E8077729-44C0-4C9E-97F6-5983F08337A1}.Debug|Any CPU.ActiveCfg = Debug|Any CPU
		{E8077729-44C0-4C9E-97F6-5983F08337A1}.Debug|Any CPU.Build.0 = Debug|Any CPU
		{E8077729-44C0-4C9E-97F6-5983F08337A1}.Release|Any CPU.ActiveCfg = Release|Any CPU
		{E8077729-44C0-4C9E-97F6-5983F08337A1}.Release|Any CPU.Build.0 = Release|Any CPU
		{ECD239AE-8691-4711-9269-9584E65576F6}.Debug|Any CPU.ActiveCfg = Debug|Any CPU
		{ECD239AE-8691-4711-9269-9584E65576F6}.Debug|Any CPU.Build.0 = Debug|Any CPU
		{ECD239AE-8691-4711-9269-9584E65576F6}.Release|Any CPU.ActiveCfg = Release|Any CPU
		{ECD239AE-8691-4711-9269-9584E65576F6}.Release|Any CPU.Build.0 = Release|Any CPU
		{A8166C2A-E7CF-46A4-BCAA-E547029C69B7}.Debug|Any CPU.ActiveCfg = Debug|Any CPU
		{A8166C2A-E7CF-46A4-BCAA-E547029C69B7}.Debug|Any CPU.Build.0 = Debug|Any CPU
		{A8166C2A-E7CF-46A4-BCAA-E547029C69B7}.Release|Any CPU.ActiveCfg = Release|Any CPU
		{A8166C2A-E7CF-46A4-BCAA-E547029C69B7}.Release|Any CPU.Build.0 = Release|Any CPU
		{FECD16F9-0216-48A9-BCD2-14A6F67F8C74}.Debug|Any CPU.ActiveCfg = Debug|Any CPU
		{FECD16F9-0216-48A9-BCD2-14A6F67F8C74}.Debug|Any CPU.Build.0 = Debug|Any CPU
		{FECD16F9-0216-48A9-BCD2-14A6F67F8C74}.Release|Any CPU.ActiveCfg = Release|Any CPU
		{FECD16F9-0216-48A9-BCD2-14A6F67F8C74}.Release|Any CPU.Build.0 = Release|Any CPU
		{76368E9A-EB9A-4475-8A82-9448B1B3B0E4}.Debug|Any CPU.ActiveCfg = Debug|Any CPU
		{76368E9A-EB9A-4475-8A82-9448B1B3B0E4}.Debug|Any CPU.Build.0 = Debug|Any CPU
		{76368E9A-EB9A-4475-8A82-9448B1B3B0E4}.Release|Any CPU.ActiveCfg = Release|Any CPU
		{76368E9A-EB9A-4475-8A82-9448B1B3B0E4}.Release|Any CPU.Build.0 = Release|Any CPU
		{5DE0F6DB-E19C-444C-9733-334C6FC96A2F}.Debug|Any CPU.ActiveCfg = Debug|Any CPU
		{5DE0F6DB-E19C-444C-9733-334C6FC96A2F}.Debug|Any CPU.Build.0 = Debug|Any CPU
		{5DE0F6DB-E19C-444C-9733-334C6FC96A2F}.Release|Any CPU.ActiveCfg = Release|Any CPU
		{5DE0F6DB-E19C-444C-9733-334C6FC96A2F}.Release|Any CPU.Build.0 = Release|Any CPU
		{EFBF9F73-AB50-CC6A-0167-B45C467D9918}.Debug|Any CPU.ActiveCfg = Debug|Any CPU
		{EFBF9F73-AB50-CC6A-0167-B45C467D9918}.Debug|Any CPU.Build.0 = Debug|Any CPU
		{EFBF9F73-AB50-CC6A-0167-B45C467D9918}.Release|Any CPU.ActiveCfg = Release|Any CPU
		{EFBF9F73-AB50-CC6A-0167-B45C467D9918}.Release|Any CPU.Build.0 = Release|Any CPU
		{D7880FF6-E6C8-4582-BD19-DABB7DB5C20D}.Debug|Any CPU.ActiveCfg = Debug|Any CPU
		{D7880FF6-E6C8-4582-BD19-DABB7DB5C20D}.Debug|Any CPU.Build.0 = Debug|Any CPU
		{D7880FF6-E6C8-4582-BD19-DABB7DB5C20D}.Release|Any CPU.ActiveCfg = Release|Any CPU
		{D7880FF6-E6C8-4582-BD19-DABB7DB5C20D}.Release|Any CPU.Build.0 = Release|Any CPU
		{A9ECD02B-7AA5-4183-96F2-43FE7AF74F16}.Debug|Any CPU.ActiveCfg = Debug|Any CPU
		{A9ECD02B-7AA5-4183-96F2-43FE7AF74F16}.Debug|Any CPU.Build.0 = Debug|Any CPU
		{A9ECD02B-7AA5-4183-96F2-43FE7AF74F16}.Release|Any CPU.ActiveCfg = Release|Any CPU
		{A9ECD02B-7AA5-4183-96F2-43FE7AF74F16}.Release|Any CPU.Build.0 = Release|Any CPU
		{1B6402AE-7426-4D3F-99A7-D5D34C42148B}.Debug|Any CPU.ActiveCfg = Debug|Any CPU
		{1B6402AE-7426-4D3F-99A7-D5D34C42148B}.Debug|Any CPU.Build.0 = Debug|Any CPU
		{1B6402AE-7426-4D3F-99A7-D5D34C42148B}.Release|Any CPU.ActiveCfg = Release|Any CPU
		{1B6402AE-7426-4D3F-99A7-D5D34C42148B}.Release|Any CPU.Build.0 = Release|Any CPU
		{827E3E8F-5366-42F2-BB2A-9F18466EE5D5}.Debug|Any CPU.ActiveCfg = Debug|Any CPU
		{827E3E8F-5366-42F2-BB2A-9F18466EE5D5}.Debug|Any CPU.Build.0 = Debug|Any CPU
		{827E3E8F-5366-42F2-BB2A-9F18466EE5D5}.Release|Any CPU.ActiveCfg = Release|Any CPU
		{827E3E8F-5366-42F2-BB2A-9F18466EE5D5}.Release|Any CPU.Build.0 = Release|Any CPU
		{0BF7203A-455C-4BAA-B465-9A8FE7CD6984}.Debug|Any CPU.ActiveCfg = Debug|Any CPU
		{0BF7203A-455C-4BAA-B465-9A8FE7CD6984}.Debug|Any CPU.Build.0 = Debug|Any CPU
		{0BF7203A-455C-4BAA-B465-9A8FE7CD6984}.Release|Any CPU.ActiveCfg = Release|Any CPU
		{0BF7203A-455C-4BAA-B465-9A8FE7CD6984}.Release|Any CPU.Build.0 = Release|Any CPU
		{2E9ED726-362A-47C0-BB9A-BEF75888A268}.Debug|Any CPU.ActiveCfg = Debug|Any CPU
		{2E9ED726-362A-47C0-BB9A-BEF75888A268}.Debug|Any CPU.Build.0 = Debug|Any CPU
		{2E9ED726-362A-47C0-BB9A-BEF75888A268}.Release|Any CPU.ActiveCfg = Release|Any CPU
		{2E9ED726-362A-47C0-BB9A-BEF75888A268}.Release|Any CPU.Build.0 = Release|Any CPU
		{197A18C8-E246-4434-865E-166D1553FE4B}.Debug|Any CPU.ActiveCfg = Debug|Any CPU
		{197A18C8-E246-4434-865E-166D1553FE4B}.Debug|Any CPU.Build.0 = Debug|Any CPU
		{197A18C8-E246-4434-865E-166D1553FE4B}.Release|Any CPU.ActiveCfg = Release|Any CPU
		{197A18C8-E246-4434-865E-166D1553FE4B}.Release|Any CPU.Build.0 = Release|Any CPU
		{2FB97DE3-2252-452E-9CCD-B6A83E7A1B9D}.Debug|Any CPU.ActiveCfg = Debug|Any CPU
		{2FB97DE3-2252-452E-9CCD-B6A83E7A1B9D}.Debug|Any CPU.Build.0 = Debug|Any CPU
		{2FB97DE3-2252-452E-9CCD-B6A83E7A1B9D}.Release|Any CPU.ActiveCfg = Release|Any CPU
		{2FB97DE3-2252-452E-9CCD-B6A83E7A1B9D}.Release|Any CPU.Build.0 = Release|Any CPU
		{FACBAB0D-0D8C-4E4B-8208-30FA4DAEC1E2}.Debug|Any CPU.ActiveCfg = Debug|Any CPU
		{FACBAB0D-0D8C-4E4B-8208-30FA4DAEC1E2}.Debug|Any CPU.Build.0 = Debug|Any CPU
		{FACBAB0D-0D8C-4E4B-8208-30FA4DAEC1E2}.Release|Any CPU.ActiveCfg = Release|Any CPU
		{FACBAB0D-0D8C-4E4B-8208-30FA4DAEC1E2}.Release|Any CPU.Build.0 = Release|Any CPU
		{8573E4A0-9AFF-479D-BBEA-53055827B847}.Debug|Any CPU.ActiveCfg = Debug|Any CPU
		{8573E4A0-9AFF-479D-BBEA-53055827B847}.Debug|Any CPU.Build.0 = Debug|Any CPU
		{8573E4A0-9AFF-479D-BBEA-53055827B847}.Release|Any CPU.ActiveCfg = Release|Any CPU
		{8573E4A0-9AFF-479D-BBEA-53055827B847}.Release|Any CPU.Build.0 = Release|Any CPU
		{CD45B64D-9920-40F4-88A1-0B92678B53DA}.Debug|Any CPU.ActiveCfg = Debug|Any CPU
		{CD45B64D-9920-40F4-88A1-0B92678B53DA}.Debug|Any CPU.Build.0 = Debug|Any CPU
		{CD45B64D-9920-40F4-88A1-0B92678B53DA}.Release|Any CPU.ActiveCfg = Release|Any CPU
		{CD45B64D-9920-40F4-88A1-0B92678B53DA}.Release|Any CPU.Build.0 = Release|Any CPU
		{977354E9-DE6F-8FB9-EF0C-CBCBB3AA2A29}.Debug|Any CPU.ActiveCfg = Debug|Any CPU
		{977354E9-DE6F-8FB9-EF0C-CBCBB3AA2A29}.Debug|Any CPU.Build.0 = Debug|Any CPU
		{977354E9-DE6F-8FB9-EF0C-CBCBB3AA2A29}.Release|Any CPU.ActiveCfg = Release|Any CPU
		{977354E9-DE6F-8FB9-EF0C-CBCBB3AA2A29}.Release|Any CPU.Build.0 = Release|Any CPU
	EndGlobalSection
	GlobalSection(SolutionProperties) = preSolution
		HideSolutionNode = FALSE
	EndGlobalSection
	GlobalSection(NestedProjects) = preSolution
		{C2E82185-C33E-4EEA-B136-1C2D2DF0A14A} = {02EA681E-C7D8-13C7-8484-4AC65E1B71E8}
		{095FCE4D-582D-4354-B88F-6448A0A15631} = {02EA681E-C7D8-13C7-8484-4AC65E1B71E8}
		{55A371C6-8305-4C98-A9BA-40C2C8720F87} = {02EA681E-C7D8-13C7-8484-4AC65E1B71E8}
		{5F33994C-65EA-4AFC-99FE-CE75077AEF5F} = {55A371C6-8305-4C98-A9BA-40C2C8720F87}
		{02B25BEF-C9DA-47F5-B20C-0DD43A38F779} = {C2E82185-C33E-4EEA-B136-1C2D2DF0A14A}
		{A7300CD5-ECA9-4A33-9095-5F931F357056} = {C2E82185-C33E-4EEA-B136-1C2D2DF0A14A}
		{EA218F3B-91F3-4614-9041-6E18527B660C} = {C2E82185-C33E-4EEA-B136-1C2D2DF0A14A}
		{2139C88F-BD31-4D48-8F6A-EDF673411204} = {C2E82185-C33E-4EEA-B136-1C2D2DF0A14A}
		{8125436F-065B-44B8-B26A-B3ABCAA62D38} = {02EA681E-C7D8-13C7-8484-4AC65E1B71E8}
		{2EDEDA09-F939-4DBD-8E79-FB9DC2191E8C} = {8125436F-065B-44B8-B26A-B3ABCAA62D38}
		{7DB7D678-07AE-4418-95F2-0B0E6972F7B3} = {8125436F-065B-44B8-B26A-B3ABCAA62D38}
		{671C4BDA-5083-493A-9CF6-777EF729F358} = {8125436F-065B-44B8-B26A-B3ABCAA62D38}
		{1D676764-7924-4BB5-99B6-2A9C1B6A5EF6} = {DE13FBCF-8C00-496B-BF8D-2B9846E51401}
		{DE13FBCF-8C00-496B-BF8D-2B9846E51401} = {8125436F-065B-44B8-B26A-B3ABCAA62D38}
		{F87E8344-3488-47F0-893F-04F655F412F1} = {C2E82185-C33E-4EEA-B136-1C2D2DF0A14A}
		{ACC3FC42-1AFA-48A7-8CC8-6DE5484BBC10} = {F87E8344-3488-47F0-893F-04F655F412F1}
		{9E4139E0-9DC5-462C-B0DA-0C7BFBF68EAA} = {02EA681E-C7D8-13C7-8484-4AC65E1B71E8}
		{B8F9475B-9602-40BE-8FBE-F759EF15D42D} = {9E4139E0-9DC5-462C-B0DA-0C7BFBF68EAA}
		{B8427988-4D12-4A91-A5F0-6F97515D27B1} = {9E4139E0-9DC5-462C-B0DA-0C7BFBF68EAA}
		{886763AE-95E5-454B-83EB-F3EFA681263F} = {9E4139E0-9DC5-462C-B0DA-0C7BFBF68EAA}
		{AD0F3D1F-C86C-45C5-B62F-7FF362A848D0} = {9E4139E0-9DC5-462C-B0DA-0C7BFBF68EAA}
		{EE5BA281-2101-4062-888A-8A4AFC3F6521} = {9E4139E0-9DC5-462C-B0DA-0C7BFBF68EAA}
		{761D6CBA-D6A7-413B-A64C-1771A8AA5C39} = {02EA681E-C7D8-13C7-8484-4AC65E1B71E8}
		{0C40C423-9F44-431F-9A48-CBB260B23F7C} = {761D6CBA-D6A7-413B-A64C-1771A8AA5C39}
		{B553DD61-CFDC-4869-A122-A53E376198BB} = {761D6CBA-D6A7-413B-A64C-1771A8AA5C39}
		{7DDD4949-CB30-4CC4-AC7C-C880CC2A23FE} = {761D6CBA-D6A7-413B-A64C-1771A8AA5C39}
		{94BF55AB-4A52-4810-8C00-FBD83CD5AF1B} = {02EA681E-C7D8-13C7-8484-4AC65E1B71E8}
		{E713A608-A6A7-43FF-BBEF-8C33FA3F4F7C} = {9E4139E0-9DC5-462C-B0DA-0C7BFBF68EAA}
		{D04A5923-9BDD-4567-AC07-464A416BD7FB} = {761D6CBA-D6A7-413B-A64C-1771A8AA5C39}
		{1129A78F-8B17-479C-9353-0D136E249047} = {94BF55AB-4A52-4810-8C00-FBD83CD5AF1B}
		{F386876C-F5B3-189B-149A-2C7E2B72D4A3} = {5D0D2222-2365-4B95-B70D-81E2B7069FCC}
		{E8077729-44C0-4C9E-97F6-5983F08337A1} = {761D6CBA-D6A7-413B-A64C-1771A8AA5C39}
		{999DF630-7A89-4771-BFD2-BD1BD056604B} = {02EA681E-C7D8-13C7-8484-4AC65E1B71E8}
		{ECD239AE-8691-4711-9269-9584E65576F6} = {999DF630-7A89-4771-BFD2-BD1BD056604B}
		{A8166C2A-E7CF-46A4-BCAA-E547029C69B7} = {999DF630-7A89-4771-BFD2-BD1BD056604B}
		{FECD16F9-0216-48A9-BCD2-14A6F67F8C74} = {999DF630-7A89-4771-BFD2-BD1BD056604B}
		{76368E9A-EB9A-4475-8A82-9448B1B3B0E4} = {999DF630-7A89-4771-BFD2-BD1BD056604B}
		{DF137A28-849A-453A-874D-81A91E7EBED3} = {02EA681E-C7D8-13C7-8484-4AC65E1B71E8}
		{25DFC085-898C-4452-AC68-234B472B396A} = {02EA681E-C7D8-13C7-8484-4AC65E1B71E8}
		{5DE0F6DB-E19C-444C-9733-334C6FC96A2F} = {25DFC085-898C-4452-AC68-234B472B396A}
		{EFBF9F73-AB50-CC6A-0167-B45C467D9918} = {25DFC085-898C-4452-AC68-234B472B396A}
		{D7880FF6-E6C8-4582-BD19-DABB7DB5C20D} = {25DFC085-898C-4452-AC68-234B472B396A}
		{7FE62F8C-EDFA-4F94-8041-2FC97E14EB5B} = {02EA681E-C7D8-13C7-8484-4AC65E1B71E8}
		{A9ECD02B-7AA5-4183-96F2-43FE7AF74F16} = {7FE62F8C-EDFA-4F94-8041-2FC97E14EB5B}
		{1B6402AE-7426-4D3F-99A7-D5D34C42148B} = {7FE62F8C-EDFA-4F94-8041-2FC97E14EB5B}
		{827E3E8F-5366-42F2-BB2A-9F18466EE5D5} = {7FE62F8C-EDFA-4F94-8041-2FC97E14EB5B}
		{0BF7203A-455C-4BAA-B465-9A8FE7CD6984} = {DF137A28-849A-453A-874D-81A91E7EBED3}
		{2E9ED726-362A-47C0-BB9A-BEF75888A268} = {DF137A28-849A-453A-874D-81A91E7EBED3}
		{197A18C8-E246-4434-865E-166D1553FE4B} = {DF137A28-849A-453A-874D-81A91E7EBED3}
		{2FB97DE3-2252-452E-9CCD-B6A83E7A1B9D} = {25DFC085-898C-4452-AC68-234B472B396A}
		{FACBAB0D-0D8C-4E4B-8208-30FA4DAEC1E2} = {25DFC085-898C-4452-AC68-234B472B396A}
		{963C4C02-E372-4254-A7ED-D4DEC4AFB5A6} = {02EA681E-C7D8-13C7-8484-4AC65E1B71E8}
		{74B428A1-9811-4401-A804-683BAAFB393F} = {963C4C02-E372-4254-A7ED-D4DEC4AFB5A6}
		{D5C9C1C9-F247-4B2A-B541-71A33BC99E50} = {963C4C02-E372-4254-A7ED-D4DEC4AFB5A6}
		{8573E4A0-9AFF-479D-BBEA-53055827B847} = {D5C9C1C9-F247-4B2A-B541-71A33BC99E50}
		{CD45B64D-9920-40F4-88A1-0B92678B53DA} = {D5C9C1C9-F247-4B2A-B541-71A33BC99E50}
		{977354E9-DE6F-8FB9-EF0C-CBCBB3AA2A29} = {74B428A1-9811-4401-A804-683BAAFB393F}
	EndGlobalSection
	GlobalSection(ExtensibilityGlobals) = postSolution
		SolutionGuid = {EBEFC3B0-6208-481B-B6D6-154F640C6615}
	EndGlobalSection
EndGlobal
