
Microsoft Visual Studio Solution File, Format Version 12.00
# Visual Studio Version 17
VisualStudioVersion = 17.0.31903.59
MinimumVisualStudioVersion = 10.0.40219.1
Project("{FAE04EC0-301F-11D3-BF4B-00C04F79EFBC}") = "Client", "Client\Client.csproj", "{B08CF980-4634-4FEE-9895-D468AAD24B5F}"
EndProject
Project("{2150E333-8FDC-42A3-9474-1A3956D46DE8}") = "Framework", "Framework", "{02EA681E-C7D8-13C7-8484-4AC65E1B71E8}"
EndProject
Project("{2150E333-8FDC-42A3-9474-1A3956D46DE8}") = "Connectors", "Connectors", "{0448B7D2-20A8-4A0C-A017-B1998296F0B7}"
EndProject
Project("{2150E333-8FDC-42A3-9474-1A3956D46DE8}") = "IngestionLayer", "IngestionLayer", "{C2E82185-C33E-4EEA-B136-1C2D2DF0A14A}"
EndProject
Project("{2150E333-8FDC-42A3-9474-1A3956D46DE8}") = "Tooling", "Tooling", "{095FCE4D-582D-4354-B88F-6448A0A15631}"
EndProject
Project("{2150E333-8FDC-42A3-9474-1A3956D46DE8}") = "DataEngine", "DataEngine", "{55A371C6-8305-4C98-A9BA-40C2C8720F87}"
EndProject
Project("{FAE04EC0-301F-11D3-BF4B-00C04F79EFBC}") = "DataIntegration", "Framework\DataIntegration\DataIntegration\DataIntegration.csproj", "{5F33994C-65EA-4AFC-99FE-CE75077AEF5F}"
EndProject
Project("{2150E333-8FDC-42A3-9474-1A3956D46DE8}") = "Solution Items", "Solution Items", "{7AC72097-0753-4884-A76F-D7FBD80CC165}"
	ProjectSection(SolutionItems) = preProject
		.editorconfig = .editorconfig
		README.md = README.md
	EndProjectSection
EndProject
Project("{FAE04EC0-301F-11D3-BF4B-00C04F79EFBC}") = "Ingestion.Chunking", "Framework\IngestionLayer\Ingestion.Chunking\Ingestion.Chunking.csproj", "{02B25BEF-C9DA-47F5-B20C-0DD43A38F779}"
EndProject
Project("{FAE04EC0-301F-11D3-BF4B-00C04F79EFBC}") = "Ingestion.Interfaces", "Framework\IngestionLayer\Ingestion.Interfaces\Ingestion.Interfaces.csproj", "{A7300CD5-ECA9-4A33-9095-5F931F357056}"
EndProject
Project("{FAE04EC0-301F-11D3-BF4B-00C04F79EFBC}") = "Ingestion.Configuration", "Framework\IngestionLayer\Ingestion.Configuration\Ingestion.Configuration.csproj", "{EA218F3B-91F3-4614-9041-6E18527B660C}"
EndProject
Project("{FAE04EC0-301F-11D3-BF4B-00C04F79EFBC}") = "Ingestion.Models", "Framework\IngestionLayer\Ingestion.Models\Ingestion.Models.csproj", "{2139C88F-BD31-4D48-8F6A-EDF673411204}"
EndProject
Project("{2150E333-8FDC-42A3-9474-1A3956D46DE8}") = "Messaging", "Messaging", "{8125436F-065B-44B8-B26A-B3ABCAA62D38}"
EndProject
Project("{FAE04EC0-301F-11D3-BF4B-00C04F79EFBC}") = "Messaging.Models", "Framework\Messaging\Messaging.Models\Messaging.Models.csproj", "{2EDEDA09-F939-4DBD-8E79-FB9DC2191E8C}"
EndProject
Project("{FAE04EC0-301F-11D3-BF4B-00C04F79EFBC}") = "Messaging.Interfaces", "Framework\Messaging\Messaging,Interfaces\Messaging.Interfaces.csproj", "{7DB7D678-07AE-4418-95F2-0B0E6972F7B3}"
EndProject
Project("{FAE04EC0-301F-11D3-BF4B-00C04F79EFBC}") = "Messaging.Engine", "Framework\Messaging\Messaging.Engine\Messaging.Engine.csproj", "{671C4BDA-5083-493A-9CF6-777EF729F358}"
EndProject
Project("{FAE04EC0-301F-11D3-BF4B-00C04F79EFBC}") = "Messaging.Connectos.AzureServiceBus", "Framework\Messaging\Messaging.Connectors\Messaging.Connectos.AzureServiceBus\Messaging.Connectos.AzureServiceBus.csproj", "{1D676764-7924-4BB5-99B6-2A9C1B6A5EF6}"
EndProject
Project("{2150E333-8FDC-42A3-9474-1A3956D46DE8}") = "Connectors", "Connectors", "{DE13FBCF-8C00-496B-BF8D-2B9846E51401}"
EndProject
Project("{2150E333-8FDC-42A3-9474-1A3956D46DE8}") = "Connectors", "Connectors", "{F87E8344-3488-47F0-893F-04F655F412F1}"
EndProject
Project("{FAE04EC0-301F-11D3-BF4B-00C04F79EFBC}") = "Ingestion.Connectors.AzureSearch", "Framework\IngestionLayer\Connectors\Ingestion.Connectors.AzureSearch\Ingestion.Connectors.AzureSearch.csproj", "{ACC3FC42-1AFA-48A7-8CC8-6DE5484BBC10}"
EndProject
Project("{2150E333-8FDC-42A3-9474-1A3956D46DE8}") = "AgenticLayer", "AgenticLayer", "{9E4139E0-9DC5-462C-B0DA-0C7BFBF68EAA}"
EndProject
Project("{FAE04EC0-301F-11D3-BF4B-00C04F79EFBC}") = "AgenticLayer.BaseAgent", "Framework\AgenticLayer\AgenticLayer.BaseAgent\AgenticLayer.BaseAgent.csproj", "{B8F9475B-9602-40BE-8FBE-F759EF15D42D}"
EndProject
Project("{FAE04EC0-301F-11D3-BF4B-00C04F79EFBC}") = "AgenticLayer.Interfaces", "Framework\AgenticLayer\AgenticLayer.Interfaces\AgenticLayer.Interfaces.csproj", "{B8427988-4D12-4A91-A5F0-6F97515D27B1}"
EndProject
Project("{FAE04EC0-301F-11D3-BF4B-00C04F79EFBC}") = "AgenticLayer.Builders", "Framework\AgenticLayer\AgenticLayer.Builders\AgenticLayer.Builders.csproj", "{886763AE-95E5-454B-83EB-F3EFA681263F}"
EndProject
Project("{FAE04EC0-301F-11D3-BF4B-00C04F79EFBC}") = "AgenticLayer.AgentRegistry", "Framework\AgenticLayer\AgenticLayer.AgentRegistry\AgenticLayer.AgentRegistry.csproj", "{AD0F3D1F-C86C-45C5-B62F-7FF362A848D0}"
EndProject
Project("{FAE04EC0-301F-11D3-BF4B-00C04F79EFBC}") = "AgenticLayer.AgentModels", "Framework\AgenticLayer\AgenticLayer.AgentModels\AgenticLayer.AgentModels.csproj", "{7B638DED-4072-4B27-AD2F-B7DCFB17B2D2}"
EndProject
Project("{FAE04EC0-301F-11D3-BF4B-00C04F79EFBC}") = "AgenticLayer.AgentApp", "Framework\AgenticLayer\AgenticLayer.AgentApp\AgenticLayer.AgentApp.csproj", "{EE5BA281-2101-4062-888A-8A4AFC3F6521}"
EndProject
Project("{FAE04EC0-301F-11D3-BF4B-00C04F79EFBC}") = "AgenticLayer.DataLayer", "Framework\AgenticLayer\AgenticLayer.DataLayer\AgenticLayer.DataLayer.csproj", "{1BDA8F17-2A20-4492-87F4-5A3B9412CC80}"
EndProject
Project("{2150E333-8FDC-42A3-9474-1A3956D46DE8}") = "ModelLayer", "ModelLayer", "{761D6CBA-D6A7-413B-A64C-1771A8AA5C39}"
EndProject
Project("{FAE04EC0-301F-11D3-BF4B-00C04F79EFBC}") = "ModelLayer.Interfaces", "Framework\ModelLayer\ModelLayer.Interfaces\ModelLayer.Interfaces.csproj", "{0C40C423-9F44-431F-9A48-CBB260B23F7C}"
EndProject
Global
	GlobalSection(SolutionConfigurationPlatforms) = preSolution
		Debug|Any CPU = Debug|Any CPU
		Release|Any CPU = Release|Any CPU
	EndGlobalSection
	GlobalSection(ProjectConfigurationPlatforms) = postSolution
		{B08CF980-4634-4FEE-9895-D468AAD24B5F}.Debug|Any CPU.ActiveCfg = Debug|Any CPU
		{B08CF980-4634-4FEE-9895-D468AAD24B5F}.Debug|Any CPU.Build.0 = Debug|Any CPU
		{B08CF980-4634-4FEE-9895-D468AAD24B5F}.Release|Any CPU.ActiveCfg = Release|Any CPU
		{B08CF980-4634-4FEE-9895-D468AAD24B5F}.Release|Any CPU.Build.0 = Release|Any CPU
		{5F33994C-65EA-4AFC-99FE-CE75077AEF5F}.Debug|Any CPU.ActiveCfg = Debug|Any CPU
		{5F33994C-65EA-4AFC-99FE-CE75077AEF5F}.Debug|Any CPU.Build.0 = Debug|Any CPU
		{5F33994C-65EA-4AFC-99FE-CE75077AEF5F}.Release|Any CPU.ActiveCfg = Release|Any CPU
		{5F33994C-65EA-4AFC-99FE-CE75077AEF5F}.Release|Any CPU.Build.0 = Release|Any CPU
		{02B25BEF-C9DA-47F5-B20C-0DD43A38F779}.Debug|Any CPU.ActiveCfg = Debug|Any CPU
		{02B25BEF-C9DA-47F5-B20C-0DD43A38F779}.Debug|Any CPU.Build.0 = Debug|Any CPU
		{02B25BEF-C9DA-47F5-B20C-0DD43A38F779}.Release|Any CPU.ActiveCfg = Release|Any CPU
		{02B25BEF-C9DA-47F5-B20C-0DD43A38F779}.Release|Any CPU.Build.0 = Release|Any CPU
		{A7300CD5-ECA9-4A33-9095-5F931F357056}.Debug|Any CPU.ActiveCfg = Debug|Any CPU
		{A7300CD5-ECA9-4A33-9095-5F931F357056}.Debug|Any CPU.Build.0 = Debug|Any CPU
		{A7300CD5-ECA9-4A33-9095-5F931F357056}.Release|Any CPU.ActiveCfg = Release|Any CPU
		{A7300CD5-ECA9-4A33-9095-5F931F357056}.Release|Any CPU.Build.0 = Release|Any CPU
		{EA218F3B-91F3-4614-9041-6E18527B660C}.Debug|Any CPU.ActiveCfg = Debug|Any CPU
		{EA218F3B-91F3-4614-9041-6E18527B660C}.Debug|Any CPU.Build.0 = Debug|Any CPU
		{EA218F3B-91F3-4614-9041-6E18527B660C}.Release|Any CPU.ActiveCfg = Release|Any CPU
		{EA218F3B-91F3-4614-9041-6E18527B660C}.Release|Any CPU.Build.0 = Release|Any CPU
		{2139C88F-BD31-4D48-8F6A-EDF673411204}.Debug|Any CPU.ActiveCfg = Debug|Any CPU
		{2139C88F-BD31-4D48-8F6A-EDF673411204}.Debug|Any CPU.Build.0 = Debug|Any CPU
		{2139C88F-BD31-4D48-8F6A-EDF673411204}.Release|Any CPU.ActiveCfg = Release|Any CPU
		{2139C88F-BD31-4D48-8F6A-EDF673411204}.Release|Any CPU.Build.0 = Release|Any CPU
		{2EDEDA09-F939-4DBD-8E79-FB9DC2191E8C}.Debug|Any CPU.ActiveCfg = Debug|Any CPU
		{2EDEDA09-F939-4DBD-8E79-FB9DC2191E8C}.Debug|Any CPU.Build.0 = Debug|Any CPU
		{2EDEDA09-F939-4DBD-8E79-FB9DC2191E8C}.Release|Any CPU.ActiveCfg = Release|Any CPU
		{2EDEDA09-F939-4DBD-8E79-FB9DC2191E8C}.Release|Any CPU.Build.0 = Release|Any CPU
		{7DB7D678-07AE-4418-95F2-0B0E6972F7B3}.Debug|Any CPU.ActiveCfg = Debug|Any CPU
		{7DB7D678-07AE-4418-95F2-0B0E6972F7B3}.Debug|Any CPU.Build.0 = Debug|Any CPU
		{7DB7D678-07AE-4418-95F2-0B0E6972F7B3}.Release|Any CPU.ActiveCfg = Release|Any CPU
		{7DB7D678-07AE-4418-95F2-0B0E6972F7B3}.Release|Any CPU.Build.0 = Release|Any CPU
		{671C4BDA-5083-493A-9CF6-777EF729F358}.Debug|Any CPU.ActiveCfg = Debug|Any CPU
		{671C4BDA-5083-493A-9CF6-777EF729F358}.Debug|Any CPU.Build.0 = Debug|Any CPU
		{671C4BDA-5083-493A-9CF6-777EF729F358}.Release|Any CPU.ActiveCfg = Release|Any CPU
		{671C4BDA-5083-493A-9CF6-777EF729F358}.Release|Any CPU.Build.0 = Release|Any CPU
		{1D676764-7924-4BB5-99B6-2A9C1B6A5EF6}.Debug|Any CPU.ActiveCfg = Debug|Any CPU
		{1D676764-7924-4BB5-99B6-2A9C1B6A5EF6}.Debug|Any CPU.Build.0 = Debug|Any CPU
		{1D676764-7924-4BB5-99B6-2A9C1B6A5EF6}.Release|Any CPU.ActiveCfg = Release|Any CPU
		{1D676764-7924-4BB5-99B6-2A9C1B6A5EF6}.Release|Any CPU.Build.0 = Release|Any CPU
		{ACC3FC42-1AFA-48A7-8CC8-6DE5484BBC10}.Debug|Any CPU.ActiveCfg = Debug|Any CPU
		{ACC3FC42-1AFA-48A7-8CC8-6DE5484BBC10}.Debug|Any CPU.Build.0 = Debug|Any CPU
		{ACC3FC42-1AFA-48A7-8CC8-6DE5484BBC10}.Release|Any CPU.ActiveCfg = Release|Any CPU
		{ACC3FC42-1AFA-48A7-8CC8-6DE5484BBC10}.Release|Any CPU.Build.0 = Release|Any CPU
		{B8F9475B-9602-40BE-8FBE-F759EF15D42D}.Debug|Any CPU.ActiveCfg = Debug|Any CPU
		{B8F9475B-9602-40BE-8FBE-F759EF15D42D}.Debug|Any CPU.Build.0 = Debug|Any CPU
		{B8F9475B-9602-40BE-8FBE-F759EF15D42D}.Release|Any CPU.ActiveCfg = Release|Any CPU
		{B8F9475B-9602-40BE-8FBE-F759EF15D42D}.Release|Any CPU.Build.0 = Release|Any CPU
		{B8427988-4D12-4A91-A5F0-6F97515D27B1}.Debug|Any CPU.ActiveCfg = Debug|Any CPU
		{B8427988-4D12-4A91-A5F0-6F97515D27B1}.Debug|Any CPU.Build.0 = Debug|Any CPU
		{B8427988-4D12-4A91-A5F0-6F97515D27B1}.Release|Any CPU.ActiveCfg = Release|Any CPU
		{B8427988-4D12-4A91-A5F0-6F97515D27B1}.Release|Any CPU.Build.0 = Release|Any CPU
		{886763AE-95E5-454B-83EB-F3EFA681263F}.Debug|Any CPU.ActiveCfg = Debug|Any CPU
		{886763AE-95E5-454B-83EB-F3EFA681263F}.Debug|Any CPU.Build.0 = Debug|Any CPU
		{886763AE-95E5-454B-83EB-F3EFA681263F}.Release|Any CPU.ActiveCfg = Release|Any CPU
		{886763AE-95E5-454B-83EB-F3EFA681263F}.Release|Any CPU.Build.0 = Release|Any CPU
		{AD0F3D1F-C86C-45C5-B62F-7FF362A848D0}.Debug|Any CPU.ActiveCfg = Debug|Any CPU
		{AD0F3D1F-C86C-45C5-B62F-7FF362A848D0}.Debug|Any CPU.Build.0 = Debug|Any CPU
		{AD0F3D1F-C86C-45C5-B62F-7FF362A848D0}.Release|Any CPU.ActiveCfg = Release|Any CPU
		{AD0F3D1F-C86C-45C5-B62F-7FF362A848D0}.Release|Any CPU.Build.0 = Release|Any CPU
		{7B638DED-4072-4B27-AD2F-B7DCFB17B2D2}.Debug|Any CPU.ActiveCfg = Debug|Any CPU
		{7B638DED-4072-4B27-AD2F-B7DCFB17B2D2}.Debug|Any CPU.Build.0 = Debug|Any CPU
		{7B638DED-4072-4B27-AD2F-B7DCFB17B2D2}.Release|Any CPU.ActiveCfg = Release|Any CPU
		{7B638DED-4072-4B27-AD2F-B7DCFB17B2D2}.Release|Any CPU.Build.0 = Release|Any CPU
		{EE5BA281-2101-4062-888A-8A4AFC3F6521}.Debug|Any CPU.ActiveCfg = Debug|Any CPU
		{EE5BA281-2101-4062-888A-8A4AFC3F6521}.Debug|Any CPU.Build.0 = Debug|Any CPU
		{EE5BA281-2101-4062-888A-8A4AFC3F6521}.Release|Any CPU.ActiveCfg = Release|Any CPU
		{EE5BA281-2101-4062-888A-8A4AFC3F6521}.Release|Any CPU.Build.0 = Release|Any CPU
		{1BDA8F17-2A20-4492-87F4-5A3B9412CC80}.Debug|Any CPU.ActiveCfg = Debug|Any CPU
		{1BDA8F17-2A20-4492-87F4-5A3B9412CC80}.Debug|Any CPU.Build.0 = Debug|Any CPU
		{1BDA8F17-2A20-4492-87F4-5A3B9412CC80}.Release|Any CPU.ActiveCfg = Release|Any CPU
		{1BDA8F17-2A20-4492-87F4-5A3B9412CC80}.Release|Any CPU.Build.0 = Release|Any CPU
		{0C40C423-9F44-431F-9A48-CBB260B23F7C}.Debug|Any CPU.ActiveCfg = Debug|Any CPU
		{0C40C423-9F44-431F-9A48-CBB260B23F7C}.Debug|Any CPU.Build.0 = Debug|Any CPU
		{0C40C423-9F44-431F-9A48-CBB260B23F7C}.Release|Any CPU.ActiveCfg = Release|Any CPU
		{0C40C423-9F44-431F-9A48-CBB260B23F7C}.Release|Any CPU.Build.0 = Release|Any CPU
	EndGlobalSection
	GlobalSection(SolutionProperties) = preSolution
		HideSolutionNode = FALSE
	EndGlobalSection
	GlobalSection(NestedProjects) = preSolution
		{C2E82185-C33E-4EEA-B136-1C2D2DF0A14A} = {02EA681E-C7D8-13C7-8484-4AC65E1B71E8}
		{095FCE4D-582D-4354-B88F-6448A0A15631} = {02EA681E-C7D8-13C7-8484-4AC65E1B71E8}
		{55A371C6-8305-4C98-A9BA-40C2C8720F87} = {02EA681E-C7D8-13C7-8484-4AC65E1B71E8}
		{5F33994C-65EA-4AFC-99FE-CE75077AEF5F} = {55A371C6-8305-4C98-A9BA-40C2C8720F87}
		{02B25BEF-C9DA-47F5-B20C-0DD43A38F779} = {C2E82185-C33E-4EEA-B136-1C2D2DF0A14A}
		{A7300CD5-ECA9-4A33-9095-5F931F357056} = {C2E82185-C33E-4EEA-B136-1C2D2DF0A14A}
		{EA218F3B-91F3-4614-9041-6E18527B660C} = {C2E82185-C33E-4EEA-B136-1C2D2DF0A14A}
		{2139C88F-BD31-4D48-8F6A-EDF673411204} = {C2E82185-C33E-4EEA-B136-1C2D2DF0A14A}
		{8125436F-065B-44B8-B26A-B3ABCAA62D38} = {02EA681E-C7D8-13C7-8484-4AC65E1B71E8}
		{2EDEDA09-F939-4DBD-8E79-FB9DC2191E8C} = {8125436F-065B-44B8-B26A-B3ABCAA62D38}
		{7DB7D678-07AE-4418-95F2-0B0E6972F7B3} = {8125436F-065B-44B8-B26A-B3ABCAA62D38}
		{671C4BDA-5083-493A-9CF6-777EF729F358} = {8125436F-065B-44B8-B26A-B3ABCAA62D38}
		{1D676764-7924-4BB5-99B6-2A9C1B6A5EF6} = {DE13FBCF-8C00-496B-BF8D-2B9846E51401}
		{DE13FBCF-8C00-496B-BF8D-2B9846E51401} = {8125436F-065B-44B8-B26A-B3ABCAA62D38}
		{F87E8344-3488-47F0-893F-04F655F412F1} = {C2E82185-C33E-4EEA-B136-1C2D2DF0A14A}
		{ACC3FC42-1AFA-48A7-8CC8-6DE5484BBC10} = {F87E8344-3488-47F0-893F-04F655F412F1}
		{9E4139E0-9DC5-462C-B0DA-0C7BFBF68EAA} = {02EA681E-C7D8-13C7-8484-4AC65E1B71E8}
		{B8F9475B-9602-40BE-8FBE-F759EF15D42D} = {9E4139E0-9DC5-462C-B0DA-0C7BFBF68EAA}
		{B8427988-4D12-4A91-A5F0-6F97515D27B1} = {9E4139E0-9DC5-462C-B0DA-0C7BFBF68EAA}
		{886763AE-95E5-454B-83EB-F3EFA681263F} = {9E4139E0-9DC5-462C-B0DA-0C7BFBF68EAA}
		{AD0F3D1F-C86C-45C5-B62F-7FF362A848D0} = {9E4139E0-9DC5-462C-B0DA-0C7BFBF68EAA}
		{7B638DED-4072-4B27-AD2F-B7DCFB17B2D2} = {9E4139E0-9DC5-462C-B0DA-0C7BFBF68EAA}
		{EE5BA281-2101-4062-888A-8A4AFC3F6521} = {9E4139E0-9DC5-462C-B0DA-0C7BFBF68EAA}
		{1BDA8F17-2A20-4492-87F4-5A3B9412CC80} = {9E4139E0-9DC5-462C-B0DA-0C7BFBF68EAA}
		{761D6CBA-D6A7-413B-A64C-1771A8AA5C39} = {02EA681E-C7D8-13C7-8484-4AC65E1B71E8}
		{0C40C423-9F44-431F-9A48-CBB260B23F7C} = {761D6CBA-D6A7-413B-A64C-1771A8AA5C39}
	EndGlobalSection
	GlobalSection(ExtensibilityGlobals) = postSolution
		SolutionGuid = {EBEFC3B0-6208-481B-B6D6-154F640C6615}
	EndGlobalSection
EndGlobal
